// !$*UTF8*$!
{
	archiveVersion = 1;
	classes = {
	};
	objectVersion = 55;
	objects = {

/* Begin PBXBuildFile section */
		2000FD34282BB49F00699DAF /* PEMTmxSpriteSheet.swift in Sources */ = {isa = PBXBuildFile; fileRef = 2000FD33282BB49F00699DAF /* PEMTmxSpriteSheet.swift */; };
		2000FD35282BB49F00699DAF /* PEMTmxSpriteSheet.swift in Sources */ = {isa = PBXBuildFile; fileRef = 2000FD33282BB49F00699DAF /* PEMTmxSpriteSheet.swift */; };
		2000FD36282BB49F00699DAF /* PEMTmxSpriteSheet.swift in Sources */ = {isa = PBXBuildFile; fileRef = 2000FD33282BB49F00699DAF /* PEMTmxSpriteSheet.swift */; };
		2000FD38282BB4D500699DAF /* PEMTmxTileData.swift in Sources */ = {isa = PBXBuildFile; fileRef = 2000FD37282BB4D500699DAF /* PEMTmxTileData.swift */; };
		2000FD39282BB4D500699DAF /* PEMTmxTileData.swift in Sources */ = {isa = PBXBuildFile; fileRef = 2000FD37282BB4D500699DAF /* PEMTmxTileData.swift */; };
		2000FD3A282BB4D500699DAF /* PEMTmxTileData.swift in Sources */ = {isa = PBXBuildFile; fileRef = 2000FD37282BB4D500699DAF /* PEMTmxTileData.swift */; };
		2000FD3C282BB76D00699DAF /* PEMTmxHelper.swift in Sources */ = {isa = PBXBuildFile; fileRef = 2000FD3B282BB76D00699DAF /* PEMTmxHelper.swift */; };
		2000FD3D282BB76D00699DAF /* PEMTmxHelper.swift in Sources */ = {isa = PBXBuildFile; fileRef = 2000FD3B282BB76D00699DAF /* PEMTmxHelper.swift */; };
		2000FD3E282BB76D00699DAF /* PEMTmxHelper.swift in Sources */ = {isa = PBXBuildFile; fileRef = 2000FD3B282BB76D00699DAF /* PEMTmxHelper.swift */; };
		2000FD44282BDB7400699DAF /* README.md in Resources */ = {isa = PBXBuildFile; fileRef = 2000FD43282BDB7400699DAF /* README.md */; };
		2000FD45282BDB7400699DAF /* README.md in Resources */ = {isa = PBXBuildFile; fileRef = 2000FD43282BDB7400699DAF /* README.md */; };
		2000FD46282BDB7400699DAF /* README.md in Resources */ = {isa = PBXBuildFile; fileRef = 2000FD43282BDB7400699DAF /* README.md */; };
		2014E98428168E6100A12253 /* Player.swift in Sources */ = {isa = PBXBuildFile; fileRef = 2014E98328168E6100A12253 /* Player.swift */; };
		2014E98528168E6100A12253 /* Player.swift in Sources */ = {isa = PBXBuildFile; fileRef = 2014E98328168E6100A12253 /* Player.swift */; };
		2014E98728169C4500A12253 /* MathHelper.swift in Sources */ = {isa = PBXBuildFile; fileRef = 2014E98628169C4500A12253 /* MathHelper.swift */; };
		2014E98828169C4500A12253 /* MathHelper.swift in Sources */ = {isa = PBXBuildFile; fileRef = 2014E98628169C4500A12253 /* MathHelper.swift */; };
		2014E98C2816B50800A12253 /* ScreenLayoutHelper.swift in Sources */ = {isa = PBXBuildFile; fileRef = 2014E98B2816B50800A12253 /* ScreenLayoutHelper.swift */; };
		2014E98D2816B50800A12253 /* ScreenLayoutHelper.swift in Sources */ = {isa = PBXBuildFile; fileRef = 2014E98B2816B50800A12253 /* ScreenLayoutHelper.swift */; };
		2029D9CA283023C40019FAB4 /* PEMTmxTileAnimation.swift in Sources */ = {isa = PBXBuildFile; fileRef = 2029D9C9283023C40019FAB4 /* PEMTmxTileAnimation.swift */; };
		2029D9CB283023C40019FAB4 /* PEMTmxTileAnimation.swift in Sources */ = {isa = PBXBuildFile; fileRef = 2029D9C9283023C40019FAB4 /* PEMTmxTileAnimation.swift */; };
		2029D9CC283023C40019FAB4 /* PEMTmxTileAnimation.swift in Sources */ = {isa = PBXBuildFile; fileRef = 2029D9C9283023C40019FAB4 /* PEMTmxTileAnimation.swift */; };
		2029D9CE283023E50019FAB4 /* PEMTmxTileAnimationFrame.swift in Sources */ = {isa = PBXBuildFile; fileRef = 2029D9CD283023E50019FAB4 /* PEMTmxTileAnimationFrame.swift */; };
		2029D9CF283023E50019FAB4 /* PEMTmxTileAnimationFrame.swift in Sources */ = {isa = PBXBuildFile; fileRef = 2029D9CD283023E50019FAB4 /* PEMTmxTileAnimationFrame.swift */; };
		2029D9D0283023E50019FAB4 /* PEMTmxTileAnimationFrame.swift in Sources */ = {isa = PBXBuildFile; fileRef = 2029D9CD283023E50019FAB4 /* PEMTmxTileAnimationFrame.swift */; };
		2037A5C9282587AB00E13452 /* PEMTmxMap.swift in Sources */ = {isa = PBXBuildFile; fileRef = 20562E13282521C1005CE60A /* PEMTmxMap.swift */; };
		2037A5CE282587AC00E13452 /* PEMTmxMap.swift in Sources */ = {isa = PBXBuildFile; fileRef = 20562E13282521C1005CE60A /* PEMTmxMap.swift */; };
		2037A5D628258C4900E13452 /* AppDelegate.swift in Sources */ = {isa = PBXBuildFile; fileRef = 2037A5D528258C4900E13452 /* AppDelegate.swift */; };
		2037A5DE28258C4900E13452 /* GameViewController.swift in Sources */ = {isa = PBXBuildFile; fileRef = 2037A5DD28258C4900E13452 /* GameViewController.swift */; };
		2037A5E128258C4900E13452 /* Main.storyboard in Resources */ = {isa = PBXBuildFile; fileRef = 2037A5DF28258C4900E13452 /* Main.storyboard */; };
		2037A5E628258C4A00E13452 /* LaunchScreen.storyboard in Resources */ = {isa = PBXBuildFile; fileRef = 2037A5E428258C4A00E13452 /* LaunchScreen.storyboard */; };
		2037A5EA28258D9A00E13452 /* Assets.xcassets in Resources */ = {isa = PBXBuildFile; fileRef = 207D3DB02812AD5700FC4C77 /* Assets.xcassets */; };
		2037A5EB28258D9D00E13452 /* Colors.xcassets in Resources */ = {isa = PBXBuildFile; fileRef = 20CA158128181D8700797A7C /* Colors.xcassets */; };
		2037A5EC28258DA000E13452 /* GameScene.swift in Sources */ = {isa = PBXBuildFile; fileRef = 207D3DAF2812AD5600FC4C77 /* GameScene.swift */; };
		2037A5ED28258DA300E13452 /* Player.swift in Sources */ = {isa = PBXBuildFile; fileRef = 2014E98328168E6100A12253 /* Player.swift */; };
		2037A5EE28258DA500E13452 /* GameController.swift in Sources */ = {isa = PBXBuildFile; fileRef = 20CA139D2818168600797A7C /* GameController.swift */; };
		2037A5EF28258DA800E13452 /* MathHelper.swift in Sources */ = {isa = PBXBuildFile; fileRef = 2014E98628169C4500A12253 /* MathHelper.swift */; };
		2037A5F028258DAA00E13452 /* ScreenLayoutHelper.swift in Sources */ = {isa = PBXBuildFile; fileRef = 2014E98B2816B50800A12253 /* ScreenLayoutHelper.swift */; };
		2037A5F528258DB500E13452 /* PEMTmxMap.swift in Sources */ = {isa = PBXBuildFile; fileRef = 20562E13282521C1005CE60A /* PEMTmxMap.swift */; };
		2037A5F828258E0700E13452 /* Define.swift in Sources */ = {isa = PBXBuildFile; fileRef = 204662DF281BE8CF00F3635B /* Define.swift */; };
		204097CE282A753300603024 /* PEMTmxTile.swift in Sources */ = {isa = PBXBuildFile; fileRef = 204097CD282A753300603024 /* PEMTmxTile.swift */; };
		204097CF282A753300603024 /* PEMTmxTile.swift in Sources */ = {isa = PBXBuildFile; fileRef = 204097CD282A753300603024 /* PEMTmxTile.swift */; };
		204097D0282A753300603024 /* PEMTmxTile.swift in Sources */ = {isa = PBXBuildFile; fileRef = 204097CD282A753300603024 /* PEMTmxTile.swift */; };
		2041C82C282EB49800F584AF /* PEMTmxImageLayer.swift in Sources */ = {isa = PBXBuildFile; fileRef = 2041C82B282EB49800F584AF /* PEMTmxImageLayer.swift */; };
		2041C82D282EB49800F584AF /* PEMTmxImageLayer.swift in Sources */ = {isa = PBXBuildFile; fileRef = 2041C82B282EB49800F584AF /* PEMTmxImageLayer.swift */; };
		2041C82E282EB49800F584AF /* PEMTmxImageLayer.swift in Sources */ = {isa = PBXBuildFile; fileRef = 2041C82B282EB49800F584AF /* PEMTmxImageLayer.swift */; };
		2045AEEE2833A4A600614F38 /* PEMTmxObjectGroup.swift in Sources */ = {isa = PBXBuildFile; fileRef = 2045AEED2833A4A600614F38 /* PEMTmxObjectGroup.swift */; };
		2045AEEF2833A4A600614F38 /* PEMTmxObjectGroup.swift in Sources */ = {isa = PBXBuildFile; fileRef = 2045AEED2833A4A600614F38 /* PEMTmxObjectGroup.swift */; };
		2045AEF02833A4A600614F38 /* PEMTmxObjectGroup.swift in Sources */ = {isa = PBXBuildFile; fileRef = 2045AEED2833A4A600614F38 /* PEMTmxObjectGroup.swift */; };
		2045AEF22833BFA300614F38 /* PEMTmxObjectData.swift in Sources */ = {isa = PBXBuildFile; fileRef = 2045AEF12833BFA300614F38 /* PEMTmxObjectData.swift */; };
		2045AEF32833BFA300614F38 /* PEMTmxObjectData.swift in Sources */ = {isa = PBXBuildFile; fileRef = 2045AEF12833BFA300614F38 /* PEMTmxObjectData.swift */; };
		2045AEF42833BFA300614F38 /* PEMTmxObjectData.swift in Sources */ = {isa = PBXBuildFile; fileRef = 2045AEF12833BFA300614F38 /* PEMTmxObjectData.swift */; };
		2045AEF82833D0B500614F38 /* TimeInterval+Extension.swift in Sources */ = {isa = PBXBuildFile; fileRef = 2045AEF72833D0B500614F38 /* TimeInterval+Extension.swift */; };
		2045AEF92833D0B500614F38 /* TimeInterval+Extension.swift in Sources */ = {isa = PBXBuildFile; fileRef = 2045AEF72833D0B500614F38 /* TimeInterval+Extension.swift */; };
		2045AEFA2833D0B500614F38 /* TimeInterval+Extension.swift in Sources */ = {isa = PBXBuildFile; fileRef = 2045AEF72833D0B500614F38 /* TimeInterval+Extension.swift */; };
		204662E0281BE8CF00F3635B /* Define.swift in Sources */ = {isa = PBXBuildFile; fileRef = 204662DF281BE8CF00F3635B /* Define.swift */; };
		204662E1281BE8CF00F3635B /* Define.swift in Sources */ = {isa = PBXBuildFile; fileRef = 204662DF281BE8CF00F3635B /* Define.swift */; };
		2056B69F283239E300595F23 /* PEMTmxGroup.swift in Sources */ = {isa = PBXBuildFile; fileRef = 2056B69E283239E300595F23 /* PEMTmxGroup.swift */; };
		2056B6A0283239E300595F23 /* PEMTmxGroup.swift in Sources */ = {isa = PBXBuildFile; fileRef = 2056B69E283239E300595F23 /* PEMTmxGroup.swift */; };
		2056B6A1283239E300595F23 /* PEMTmxGroup.swift in Sources */ = {isa = PBXBuildFile; fileRef = 2056B69E283239E300595F23 /* PEMTmxGroup.swift */; };
		205BF67128266D4200077DB2 /* PEMTmxParser.swift in Sources */ = {isa = PBXBuildFile; fileRef = 205BF67028266D4200077DB2 /* PEMTmxParser.swift */; };
		205BF67228266D4200077DB2 /* PEMTmxParser.swift in Sources */ = {isa = PBXBuildFile; fileRef = 205BF67028266D4200077DB2 /* PEMTmxParser.swift */; };
		205BF67328266D4200077DB2 /* PEMTmxParser.swift in Sources */ = {isa = PBXBuildFile; fileRef = 205BF67028266D4200077DB2 /* PEMTmxParser.swift */; };
		205BF69A282687A800077DB2 /* SKColor+Extension.swift in Sources */ = {isa = PBXBuildFile; fileRef = 205BF699282687A800077DB2 /* SKColor+Extension.swift */; };
		205BF69B282687A800077DB2 /* SKColor+Extension.swift in Sources */ = {isa = PBXBuildFile; fileRef = 205BF699282687A800077DB2 /* SKColor+Extension.swift */; };
		205BF69C282687A800077DB2 /* SKColor+Extension.swift in Sources */ = {isa = PBXBuildFile; fileRef = 205BF699282687A800077DB2 /* SKColor+Extension.swift */; };
		205BF6A52826A41300077DB2 /* PEMTmxTileSet.swift in Sources */ = {isa = PBXBuildFile; fileRef = 20562E15282521C1005CE60A /* PEMTmxTileSet.swift */; };
		205BF6A62826A41400077DB2 /* PEMTmxTileSet.swift in Sources */ = {isa = PBXBuildFile; fileRef = 20562E15282521C1005CE60A /* PEMTmxTileSet.swift */; };
		205BF6A72826A41400077DB2 /* PEMTmxTileSet.swift in Sources */ = {isa = PBXBuildFile; fileRef = 20562E15282521C1005CE60A /* PEMTmxTileSet.swift */; };
		2077912D28362CAC00E3EA9D /* CGFloat+Extension.swift in Sources */ = {isa = PBXBuildFile; fileRef = 2077912C28362CAC00E3EA9D /* CGFloat+Extension.swift */; };
		2077912E28362CAC00E3EA9D /* CGFloat+Extension.swift in Sources */ = {isa = PBXBuildFile; fileRef = 2077912C28362CAC00E3EA9D /* CGFloat+Extension.swift */; };
		2077912F28362CAC00E3EA9D /* CGFloat+Extension.swift in Sources */ = {isa = PBXBuildFile; fileRef = 2077912C28362CAC00E3EA9D /* CGFloat+Extension.swift */; };
		20779131283630EB00E3EA9D /* PEMFontHelper.swift in Sources */ = {isa = PBXBuildFile; fileRef = 20779130283630EB00E3EA9D /* PEMFontHelper.swift */; };
		20779132283630EB00E3EA9D /* PEMFontHelper.swift in Sources */ = {isa = PBXBuildFile; fileRef = 20779130283630EB00E3EA9D /* PEMFontHelper.swift */; };
		20779133283630EB00E3EA9D /* PEMFontHelper.swift in Sources */ = {isa = PBXBuildFile; fileRef = 20779130283630EB00E3EA9D /* PEMFontHelper.swift */; };
		207D3DB92812AD5700FC4C77 /* AppDelegate.swift in Sources */ = {isa = PBXBuildFile; fileRef = 207D3DB82812AD5700FC4C77 /* AppDelegate.swift */; };
		207D3DBB2812AD5700FC4C77 /* GameViewController.swift in Sources */ = {isa = PBXBuildFile; fileRef = 207D3DBA2812AD5700FC4C77 /* GameViewController.swift */; };
		207D3DBE2812AD5700FC4C77 /* Main.storyboard in Resources */ = {isa = PBXBuildFile; fileRef = 207D3DBC2812AD5700FC4C77 /* Main.storyboard */; };
		207D3DC12812AD5700FC4C77 /* LaunchScreen.storyboard in Resources */ = {isa = PBXBuildFile; fileRef = 207D3DBF2812AD5700FC4C77 /* LaunchScreen.storyboard */; };
		207D3DC92812AD5700FC4C77 /* AppDelegate.swift in Sources */ = {isa = PBXBuildFile; fileRef = 207D3DC82812AD5700FC4C77 /* AppDelegate.swift */; };
		207D3DCE2812AD5700FC4C77 /* Main.storyboard in Resources */ = {isa = PBXBuildFile; fileRef = 207D3DCC2812AD5700FC4C77 /* Main.storyboard */; };
		207D3DD42812AD5700FC4C77 /* GameScene.swift in Sources */ = {isa = PBXBuildFile; fileRef = 207D3DAF2812AD5600FC4C77 /* GameScene.swift */; };
		207D3DD52812AD5700FC4C77 /* GameScene.swift in Sources */ = {isa = PBXBuildFile; fileRef = 207D3DAF2812AD5600FC4C77 /* GameScene.swift */; };
		207D3DD62812AD5700FC4C77 /* Assets.xcassets in Resources */ = {isa = PBXBuildFile; fileRef = 207D3DB02812AD5700FC4C77 /* Assets.xcassets */; };
		207D3DD72812AD5700FC4C77 /* Assets.xcassets in Resources */ = {isa = PBXBuildFile; fileRef = 207D3DB02812AD5700FC4C77 /* Assets.xcassets */; };
		2091DE32283100D900F476C8 /* PEMTmxProperty.swift in Sources */ = {isa = PBXBuildFile; fileRef = 2091DE31283100D900F476C8 /* PEMTmxProperty.swift */; };
		2091DE33283100D900F476C8 /* PEMTmxProperty.swift in Sources */ = {isa = PBXBuildFile; fileRef = 2091DE31283100D900F476C8 /* PEMTmxProperty.swift */; };
		2091DE34283100D900F476C8 /* PEMTmxProperty.swift in Sources */ = {isa = PBXBuildFile; fileRef = 2091DE31283100D900F476C8 /* PEMTmxProperty.swift */; };
		20CA139B281815DD00797A7C /* GameViewController.swift in Sources */ = {isa = PBXBuildFile; fileRef = 20CA139A281815DD00797A7C /* GameViewController.swift */; };
		20CA139E2818168600797A7C /* GameController.swift in Sources */ = {isa = PBXBuildFile; fileRef = 20CA139D2818168600797A7C /* GameController.swift */; };
		20CA139F2818168600797A7C /* GameController.swift in Sources */ = {isa = PBXBuildFile; fileRef = 20CA139D2818168600797A7C /* GameController.swift */; };
		20CA158228181D8700797A7C /* Colors.xcassets in Resources */ = {isa = PBXBuildFile; fileRef = 20CA158128181D8700797A7C /* Colors.xcassets */; };
		20CA158328181D8700797A7C /* Colors.xcassets in Resources */ = {isa = PBXBuildFile; fileRef = 20CA158128181D8700797A7C /* Colors.xcassets */; };
		20D0D30F2827EA68001E505D /* PEMTmxTileLayer.swift in Sources */ = {isa = PBXBuildFile; fileRef = 20562E11282521C1005CE60A /* PEMTmxTileLayer.swift */; };
		20D0D3102827EA69001E505D /* PEMTmxTileLayer.swift in Sources */ = {isa = PBXBuildFile; fileRef = 20562E11282521C1005CE60A /* PEMTmxTileLayer.swift */; };
		20D0D3112827EA69001E505D /* PEMTmxTileLayer.swift in Sources */ = {isa = PBXBuildFile; fileRef = 20562E11282521C1005CE60A /* PEMTmxTileLayer.swift */; };
		20D0D3132828111B001E505D /* Data+Compression.swift in Sources */ = {isa = PBXBuildFile; fileRef = 20D0D3122828111B001E505D /* Data+Compression.swift */; };
		20D0D3142828111B001E505D /* Data+Compression.swift in Sources */ = {isa = PBXBuildFile; fileRef = 20D0D3122828111B001E505D /* Data+Compression.swift */; };
		20D0D3152828111B001E505D /* Data+Compression.swift in Sources */ = {isa = PBXBuildFile; fileRef = 20D0D3122828111B001E505D /* Data+Compression.swift */; };
		20FAEFD72837A66C00BEFA8E /* Animated kanga.tsx in Resources */ = {isa = PBXBuildFile; fileRef = 20FAEFC72837A66C00BEFA8E /* Animated kanga.tsx */; };
		20FAEFD82837A66C00BEFA8E /* Animated kanga.tsx in Resources */ = {isa = PBXBuildFile; fileRef = 20FAEFC72837A66C00BEFA8E /* Animated kanga.tsx */; };
		20FAEFD92837A66C00BEFA8E /* Animated kanga.tsx in Resources */ = {isa = PBXBuildFile; fileRef = 20FAEFC72837A66C00BEFA8E /* Animated kanga.tsx */; };
		20FAEFDA2837A66C00BEFA8E /* animated1.png in Resources */ = {isa = PBXBuildFile; fileRef = 20FAEFC82837A66C00BEFA8E /* animated1.png */; };
		20FAEFDB2837A66C00BEFA8E /* animated1.png in Resources */ = {isa = PBXBuildFile; fileRef = 20FAEFC82837A66C00BEFA8E /* animated1.png */; };
		20FAEFDC2837A66C00BEFA8E /* animated1.png in Resources */ = {isa = PBXBuildFile; fileRef = 20FAEFC82837A66C00BEFA8E /* animated1.png */; };
		20FAEFDD2837A66C00BEFA8E /* animated2.png in Resources */ = {isa = PBXBuildFile; fileRef = 20FAEFC92837A66C00BEFA8E /* animated2.png */; };
		20FAEFDE2837A66C00BEFA8E /* animated2.png in Resources */ = {isa = PBXBuildFile; fileRef = 20FAEFC92837A66C00BEFA8E /* animated2.png */; };
		20FAEFDF2837A66C00BEFA8E /* animated2.png in Resources */ = {isa = PBXBuildFile; fileRef = 20FAEFC92837A66C00BEFA8E /* animated2.png */; };
		20FAEFE02837A66C00BEFA8E /* Collection.tsx in Resources */ = {isa = PBXBuildFile; fileRef = 20FAEFCA2837A66C00BEFA8E /* Collection.tsx */; };
		20FAEFE12837A66C00BEFA8E /* Collection.tsx in Resources */ = {isa = PBXBuildFile; fileRef = 20FAEFCA2837A66C00BEFA8E /* Collection.tsx */; };
		20FAEFE22837A66C00BEFA8E /* Collection.tsx in Resources */ = {isa = PBXBuildFile; fileRef = 20FAEFCA2837A66C00BEFA8E /* Collection.tsx */; };
		20FAEFE32837A66C00BEFA8E /* hotdogsoup-icon-full.png in Resources */ = {isa = PBXBuildFile; fileRef = 20FAEFCB2837A66C00BEFA8E /* hotdogsoup-icon-full.png */; };
		20FAEFE42837A66C00BEFA8E /* hotdogsoup-icon-full.png in Resources */ = {isa = PBXBuildFile; fileRef = 20FAEFCB2837A66C00BEFA8E /* hotdogsoup-icon-full.png */; };
		20FAEFE52837A66C00BEFA8E /* hotdogsoup-icon-full.png in Resources */ = {isa = PBXBuildFile; fileRef = 20FAEFCB2837A66C00BEFA8E /* hotdogsoup-icon-full.png */; };
		20FAEFE62837A66C00BEFA8E /* level1.tmx in Resources */ = {isa = PBXBuildFile; fileRef = 20FAEFCC2837A66C00BEFA8E /* level1.tmx */; };
		20FAEFE72837A66C00BEFA8E /* level1.tmx in Resources */ = {isa = PBXBuildFile; fileRef = 20FAEFCC2837A66C00BEFA8E /* level1.tmx */; };
		20FAEFE82837A66C00BEFA8E /* level1.tmx in Resources */ = {isa = PBXBuildFile; fileRef = 20FAEFCC2837A66C00BEFA8E /* level1.tmx */; };
		20FAEFE92837A66C00BEFA8E /* level2.tmx in Resources */ = {isa = PBXBuildFile; fileRef = 20FAEFCD2837A66C00BEFA8E /* level2.tmx */; };
		20FAEFEA2837A66C00BEFA8E /* level2.tmx in Resources */ = {isa = PBXBuildFile; fileRef = 20FAEFCD2837A66C00BEFA8E /* level2.tmx */; };
		20FAEFEB2837A66C00BEFA8E /* level2.tmx in Resources */ = {isa = PBXBuildFile; fileRef = 20FAEFCD2837A66C00BEFA8E /* level2.tmx */; };
		20FAEFEC2837A66C00BEFA8E /* level3.tmx in Resources */ = {isa = PBXBuildFile; fileRef = 20FAEFCE2837A66C00BEFA8E /* level3.tmx */; };
		20FAEFED2837A66C00BEFA8E /* level3.tmx in Resources */ = {isa = PBXBuildFile; fileRef = 20FAEFCE2837A66C00BEFA8E /* level3.tmx */; };
		20FAEFEE2837A66C00BEFA8E /* level3.tmx in Resources */ = {isa = PBXBuildFile; fileRef = 20FAEFCE2837A66C00BEFA8E /* level3.tmx */; };
		20FAEFEF2837A66C00BEFA8E /* level4.tmx in Resources */ = {isa = PBXBuildFile; fileRef = 20FAEFCF2837A66C00BEFA8E /* level4.tmx */; };
		20FAEFF02837A66C00BEFA8E /* level4.tmx in Resources */ = {isa = PBXBuildFile; fileRef = 20FAEFCF2837A66C00BEFA8E /* level4.tmx */; };
		20FAEFF12837A66C00BEFA8E /* level4.tmx in Resources */ = {isa = PBXBuildFile; fileRef = 20FAEFCF2837A66C00BEFA8E /* level4.tmx */; };
		20FAEFF22837A66C00BEFA8E /* level5.tmx in Resources */ = {isa = PBXBuildFile; fileRef = 20FAEFD02837A66C00BEFA8E /* level5.tmx */; };
		20FAEFF32837A66C00BEFA8E /* level5.tmx in Resources */ = {isa = PBXBuildFile; fileRef = 20FAEFD02837A66C00BEFA8E /* level5.tmx */; };
		20FAEFF42837A66C00BEFA8E /* level5.tmx in Resources */ = {isa = PBXBuildFile; fileRef = 20FAEFD02837A66C00BEFA8E /* level5.tmx */; };
		20FAEFF52837A66C00BEFA8E /* objecttemplate.tx in Resources */ = {isa = PBXBuildFile; fileRef = 20FAEFD12837A66C00BEFA8E /* objecttemplate.tx */; };
		20FAEFF62837A66D00BEFA8E /* objecttemplate.tx in Resources */ = {isa = PBXBuildFile; fileRef = 20FAEFD12837A66C00BEFA8E /* objecttemplate.tx */; };
		20FAEFF72837A66D00BEFA8E /* objecttemplate.tx in Resources */ = {isa = PBXBuildFile; fileRef = 20FAEFD12837A66C00BEFA8E /* objecttemplate.tx */; };
		20FAF0132837A67500BEFA8E /* gameart2d-desert.png in Resources */ = {isa = PBXBuildFile; fileRef = 20FAF0052837A67500BEFA8E /* gameart2d-desert.png */; };
		20FAF0142837A67500BEFA8E /* gameart2d-desert.png in Resources */ = {isa = PBXBuildFile; fileRef = 20FAF0052837A67500BEFA8E /* gameart2d-desert.png */; };
		20FAF0152837A67500BEFA8E /* gameart2d-desert.png in Resources */ = {isa = PBXBuildFile; fileRef = 20FAF0052837A67500BEFA8E /* gameart2d-desert.png */; };
		20FAF0162837A67500BEFA8E /* gameart2d-desert.tmx in Resources */ = {isa = PBXBuildFile; fileRef = 20FAF0062837A67500BEFA8E /* gameart2d-desert.tmx */; };
		20FAF0172837A67500BEFA8E /* gameart2d-desert.tmx in Resources */ = {isa = PBXBuildFile; fileRef = 20FAF0062837A67500BEFA8E /* gameart2d-desert.tmx */; };
		20FAF0182837A67500BEFA8E /* gameart2d-desert.tmx in Resources */ = {isa = PBXBuildFile; fileRef = 20FAF0062837A67500BEFA8E /* gameart2d-desert.tmx */; };
		20FAF0192837A67500BEFA8E /* jb-32-Tileset.png in Resources */ = {isa = PBXBuildFile; fileRef = 20FAF0072837A67500BEFA8E /* jb-32-Tileset.png */; };
		20FAF01A2837A67500BEFA8E /* jb-32-Tileset.png in Resources */ = {isa = PBXBuildFile; fileRef = 20FAF0072837A67500BEFA8E /* jb-32-Tileset.png */; };
		20FAF01B2837A67500BEFA8E /* jb-32-Tileset.png in Resources */ = {isa = PBXBuildFile; fileRef = 20FAF0072837A67500BEFA8E /* jb-32-Tileset.png */; };
		20FAF01C2837A67500BEFA8E /* jb-32.tmx in Resources */ = {isa = PBXBuildFile; fileRef = 20FAF0082837A67500BEFA8E /* jb-32.tmx */; };
		20FAF01D2837A67500BEFA8E /* jb-32.tmx in Resources */ = {isa = PBXBuildFile; fileRef = 20FAF0082837A67500BEFA8E /* jb-32.tmx */; };
		20FAF01E2837A67500BEFA8E /* jb-32.tmx in Resources */ = {isa = PBXBuildFile; fileRef = 20FAF0082837A67500BEFA8E /* jb-32.tmx */; };
		20FAF01F2837A67500BEFA8E /* level25-Tileset.png in Resources */ = {isa = PBXBuildFile; fileRef = 20FAF0092837A67500BEFA8E /* level25-Tileset.png */; };
		20FAF0202837A67500BEFA8E /* level25-Tileset.png in Resources */ = {isa = PBXBuildFile; fileRef = 20FAF0092837A67500BEFA8E /* level25-Tileset.png */; };
		20FAF0212837A67500BEFA8E /* level25-Tileset.png in Resources */ = {isa = PBXBuildFile; fileRef = 20FAF0092837A67500BEFA8E /* level25-Tileset.png */; };
		20FAF0222837A67500BEFA8E /* level25.tmx in Resources */ = {isa = PBXBuildFile; fileRef = 20FAF00A2837A67500BEFA8E /* level25.tmx */; };
		20FAF0232837A67500BEFA8E /* level25.tmx in Resources */ = {isa = PBXBuildFile; fileRef = 20FAF00A2837A67500BEFA8E /* level25.tmx */; };
		20FAF0242837A67500BEFA8E /* level25.tmx in Resources */ = {isa = PBXBuildFile; fileRef = 20FAF00A2837A67500BEFA8E /* level25.tmx */; };
		20FAF0252837A67500BEFA8E /* MagicLand.tmx in Resources */ = {isa = PBXBuildFile; fileRef = 20FAF00B2837A67500BEFA8E /* MagicLand.tmx */; };
		20FAF0262837A67500BEFA8E /* MagicLand.tmx in Resources */ = {isa = PBXBuildFile; fileRef = 20FAF00B2837A67500BEFA8E /* MagicLand.tmx */; };
		20FAF0272837A67500BEFA8E /* MagicLand.tmx in Resources */ = {isa = PBXBuildFile; fileRef = 20FAF00B2837A67500BEFA8E /* MagicLand.tmx */; };
		20FAF0282837A67500BEFA8E /* magiclanddizzy_tiles.gif in Resources */ = {isa = PBXBuildFile; fileRef = 20FAF00C2837A67500BEFA8E /* magiclanddizzy_tiles.gif */; };
		20FAF0292837A67500BEFA8E /* magiclanddizzy_tiles.gif in Resources */ = {isa = PBXBuildFile; fileRef = 20FAF00C2837A67500BEFA8E /* magiclanddizzy_tiles.gif */; };
		20FAF02A2837A67500BEFA8E /* magiclanddizzy_tiles.gif in Resources */ = {isa = PBXBuildFile; fileRef = 20FAF00C2837A67500BEFA8E /* magiclanddizzy_tiles.gif */; };
		20FAF02B2837A67500BEFA8E /* README-.md in Resources */ = {isa = PBXBuildFile; fileRef = 20FAF00D2837A67500BEFA8E /* README-.md */; };
		20FAF02C2837A67500BEFA8E /* README-.md in Resources */ = {isa = PBXBuildFile; fileRef = 20FAF00D2837A67500BEFA8E /* README-.md */; };
		20FAF02D2837A67500BEFA8E /* README-.md in Resources */ = {isa = PBXBuildFile; fileRef = 20FAF00D2837A67500BEFA8E /* README-.md */; };
		20FAF03B2837A68900BEFA8E /* Tiles in Resources */ = {isa = PBXBuildFile; fileRef = 20FAF03A2837A68900BEFA8E /* Tiles */; };
		20FAF03C2837A68900BEFA8E /* Tiles in Resources */ = {isa = PBXBuildFile; fileRef = 20FAF03A2837A68900BEFA8E /* Tiles */; };
		20FAF03D2837A68900BEFA8E /* Tiles in Resources */ = {isa = PBXBuildFile; fileRef = 20FAF03A2837A68900BEFA8E /* Tiles */; };
		20FAF03F2837A6CE00BEFA8E /* screenshots in Resources */ = {isa = PBXBuildFile; fileRef = 20FAF03E2837A6CE00BEFA8E /* screenshots */; };
		20FAF0402837A6CE00BEFA8E /* screenshots in Resources */ = {isa = PBXBuildFile; fileRef = 20FAF03E2837A6CE00BEFA8E /* screenshots */; };
		20FAF0412837A6CE00BEFA8E /* screenshots in Resources */ = {isa = PBXBuildFile; fileRef = 20FAF03E2837A6CE00BEFA8E /* screenshots */; };
/* End PBXBuildFile section */

/* Begin PBXFileReference section */
		2000FD33282BB49F00699DAF /* PEMTmxSpriteSheet.swift */ = {isa = PBXFileReference; lastKnownFileType = sourcecode.swift; path = PEMTmxSpriteSheet.swift; sourceTree = "<group>"; };
		2000FD37282BB4D500699DAF /* PEMTmxTileData.swift */ = {isa = PBXFileReference; lastKnownFileType = sourcecode.swift; path = PEMTmxTileData.swift; sourceTree = "<group>"; };
		2000FD3B282BB76D00699DAF /* PEMTmxHelper.swift */ = {isa = PBXFileReference; lastKnownFileType = sourcecode.swift; path = PEMTmxHelper.swift; sourceTree = "<group>"; };
		2000FD43282BDB7400699DAF /* README.md */ = {isa = PBXFileReference; fileEncoding = 4; lastKnownFileType = net.daringfireball.markdown; path = README.md; sourceTree = "<group>"; };
		2014E98328168E6100A12253 /* Player.swift */ = {isa = PBXFileReference; lastKnownFileType = sourcecode.swift; path = Player.swift; sourceTree = "<group>"; };
		2014E98628169C4500A12253 /* MathHelper.swift */ = {isa = PBXFileReference; lastKnownFileType = sourcecode.swift; path = MathHelper.swift; sourceTree = "<group>"; };
		2014E98B2816B50800A12253 /* ScreenLayoutHelper.swift */ = {isa = PBXFileReference; lastKnownFileType = sourcecode.swift; path = ScreenLayoutHelper.swift; sourceTree = "<group>"; };
		2029D9C9283023C40019FAB4 /* PEMTmxTileAnimation.swift */ = {isa = PBXFileReference; lastKnownFileType = sourcecode.swift; path = PEMTmxTileAnimation.swift; sourceTree = "<group>"; };
		2029D9CD283023E50019FAB4 /* PEMTmxTileAnimationFrame.swift */ = {isa = PBXFileReference; lastKnownFileType = sourcecode.swift; path = PEMTmxTileAnimationFrame.swift; sourceTree = "<group>"; };
		2037A5D328258C4800E13452 /* PEMTMXDemo.app */ = {isa = PBXFileReference; explicitFileType = wrapper.application; includeInIndex = 0; name = PEMTMXDemo.app; path = "PEMTmxMap Demo.app"; sourceTree = BUILT_PRODUCTS_DIR; };
		2037A5D528258C4900E13452 /* AppDelegate.swift */ = {isa = PBXFileReference; lastKnownFileType = sourcecode.swift; path = AppDelegate.swift; sourceTree = "<group>"; };
		2037A5DD28258C4900E13452 /* GameViewController.swift */ = {isa = PBXFileReference; lastKnownFileType = sourcecode.swift; path = GameViewController.swift; sourceTree = "<group>"; };
		2037A5E028258C4900E13452 /* Base */ = {isa = PBXFileReference; lastKnownFileType = file.storyboard; name = Base; path = Base.lproj/Main.storyboard; sourceTree = "<group>"; };
		2037A5E528258C4A00E13452 /* Base */ = {isa = PBXFileReference; lastKnownFileType = file.storyboard; name = Base; path = Base.lproj/LaunchScreen.storyboard; sourceTree = "<group>"; };
		204097CD282A753300603024 /* PEMTmxTile.swift */ = {isa = PBXFileReference; lastKnownFileType = sourcecode.swift; path = PEMTmxTile.swift; sourceTree = "<group>"; };
		2041C82B282EB49800F584AF /* PEMTmxImageLayer.swift */ = {isa = PBXFileReference; fileEncoding = 4; lastKnownFileType = sourcecode.swift; path = PEMTmxImageLayer.swift; sourceTree = "<group>"; };
		2045AEED2833A4A600614F38 /* PEMTmxObjectGroup.swift */ = {isa = PBXFileReference; lastKnownFileType = sourcecode.swift; path = PEMTmxObjectGroup.swift; sourceTree = "<group>"; };
		2045AEF12833BFA300614F38 /* PEMTmxObjectData.swift */ = {isa = PBXFileReference; lastKnownFileType = sourcecode.swift; path = PEMTmxObjectData.swift; sourceTree = "<group>"; };
		2045AEF72833D0B500614F38 /* TimeInterval+Extension.swift */ = {isa = PBXFileReference; lastKnownFileType = sourcecode.swift; path = "TimeInterval+Extension.swift"; sourceTree = "<group>"; };
		204662DF281BE8CF00F3635B /* Define.swift */ = {isa = PBXFileReference; lastKnownFileType = sourcecode.swift; path = Define.swift; sourceTree = "<group>"; };
		20562E11282521C1005CE60A /* PEMTmxTileLayer.swift */ = {isa = PBXFileReference; fileEncoding = 4; lastKnownFileType = sourcecode.swift; path = PEMTmxTileLayer.swift; sourceTree = "<group>"; };
		20562E13282521C1005CE60A /* PEMTmxMap.swift */ = {isa = PBXFileReference; fileEncoding = 4; lastKnownFileType = sourcecode.swift; path = PEMTmxMap.swift; sourceTree = "<group>"; };
		20562E15282521C1005CE60A /* PEMTmxTileSet.swift */ = {isa = PBXFileReference; fileEncoding = 4; lastKnownFileType = sourcecode.swift; path = PEMTmxTileSet.swift; sourceTree = "<group>"; };
		2056B69E283239E300595F23 /* PEMTmxGroup.swift */ = {isa = PBXFileReference; lastKnownFileType = sourcecode.swift; path = PEMTmxGroup.swift; sourceTree = "<group>"; };
		205BF67028266D4200077DB2 /* PEMTmxParser.swift */ = {isa = PBXFileReference; lastKnownFileType = sourcecode.swift; path = PEMTmxParser.swift; sourceTree = "<group>"; };
		205BF699282687A800077DB2 /* SKColor+Extension.swift */ = {isa = PBXFileReference; lastKnownFileType = sourcecode.swift; path = "SKColor+Extension.swift"; sourceTree = "<group>"; };
		205C86332823D8D800360A29 /* Objc-Bridging-Header.h */ = {isa = PBXFileReference; lastKnownFileType = sourcecode.c.h; path = "Objc-Bridging-Header.h"; sourceTree = "<group>"; };
		2077912C28362CAC00E3EA9D /* CGFloat+Extension.swift */ = {isa = PBXFileReference; lastKnownFileType = sourcecode.swift; path = "CGFloat+Extension.swift"; sourceTree = "<group>"; };
		20779130283630EB00E3EA9D /* PEMFontHelper.swift */ = {isa = PBXFileReference; lastKnownFileType = sourcecode.swift; path = PEMFontHelper.swift; sourceTree = "<group>"; };
		207D3DAF2812AD5600FC4C77 /* GameScene.swift */ = {isa = PBXFileReference; lastKnownFileType = sourcecode.swift; path = GameScene.swift; sourceTree = "<group>"; };
		207D3DB02812AD5700FC4C77 /* Assets.xcassets */ = {isa = PBXFileReference; lastKnownFileType = folder.assetcatalog; path = Assets.xcassets; sourceTree = "<group>"; };
		207D3DB52812AD5700FC4C77 /* PEMTMXMapDemo.app */ = {isa = PBXFileReference; explicitFileType = wrapper.application; includeInIndex = 0; name = PEMTMXMapDemo.app; path = "PEMTmxMap Demo.app"; sourceTree = BUILT_PRODUCTS_DIR; };
		207D3DB82812AD5700FC4C77 /* AppDelegate.swift */ = {isa = PBXFileReference; lastKnownFileType = sourcecode.swift; path = AppDelegate.swift; sourceTree = "<group>"; };
		207D3DBA2812AD5700FC4C77 /* GameViewController.swift */ = {isa = PBXFileReference; lastKnownFileType = sourcecode.swift; path = GameViewController.swift; sourceTree = "<group>"; };
		207D3DBD2812AD5700FC4C77 /* Base */ = {isa = PBXFileReference; lastKnownFileType = file.storyboard; name = Base; path = Base.lproj/Main.storyboard; sourceTree = "<group>"; };
		207D3DC02812AD5700FC4C77 /* Base */ = {isa = PBXFileReference; lastKnownFileType = file.storyboard; name = Base; path = Base.lproj/LaunchScreen.storyboard; sourceTree = "<group>"; };
		207D3DC62812AD5700FC4C77 /* PEMTmxMap Demo.app */ = {isa = PBXFileReference; explicitFileType = wrapper.application; includeInIndex = 0; path = "PEMTmxMap Demo.app"; sourceTree = BUILT_PRODUCTS_DIR; };
		207D3DC82812AD5700FC4C77 /* AppDelegate.swift */ = {isa = PBXFileReference; lastKnownFileType = sourcecode.swift; path = AppDelegate.swift; sourceTree = "<group>"; };
		207D3DCD2812AD5700FC4C77 /* Base */ = {isa = PBXFileReference; lastKnownFileType = file.storyboard; name = Base; path = Base.lproj/Main.storyboard; sourceTree = "<group>"; };
		2091DE31283100D900F476C8 /* PEMTmxProperty.swift */ = {isa = PBXFileReference; lastKnownFileType = sourcecode.swift; path = PEMTmxProperty.swift; sourceTree = "<group>"; };
		20CA139A281815DD00797A7C /* GameViewController.swift */ = {isa = PBXFileReference; fileEncoding = 4; lastKnownFileType = sourcecode.swift; path = GameViewController.swift; sourceTree = "<group>"; };
		20CA139D2818168600797A7C /* GameController.swift */ = {isa = PBXFileReference; fileEncoding = 4; lastKnownFileType = sourcecode.swift; path = GameController.swift; sourceTree = "<group>"; };
		20CA158128181D8700797A7C /* Colors.xcassets */ = {isa = PBXFileReference; lastKnownFileType = folder.assetcatalog; path = Colors.xcassets; sourceTree = "<group>"; };
		20D0D3122828111B001E505D /* Data+Compression.swift */ = {isa = PBXFileReference; lastKnownFileType = sourcecode.swift; path = "Data+Compression.swift"; sourceTree = "<group>"; };
		20FAEFC72837A66C00BEFA8E /* Animated kanga.tsx */ = {isa = PBXFileReference; fileEncoding = 4; lastKnownFileType = text.xml; path = "Animated kanga.tsx"; sourceTree = "<group>"; };
		20FAEFC82837A66C00BEFA8E /* animated1.png */ = {isa = PBXFileReference; lastKnownFileType = image.png; path = animated1.png; sourceTree = "<group>"; };
		20FAEFC92837A66C00BEFA8E /* animated2.png */ = {isa = PBXFileReference; lastKnownFileType = image.png; path = animated2.png; sourceTree = "<group>"; };
		20FAEFCA2837A66C00BEFA8E /* Collection.tsx */ = {isa = PBXFileReference; fileEncoding = 4; lastKnownFileType = text.xml; path = Collection.tsx; sourceTree = "<group>"; };
		20FAEFCB2837A66C00BEFA8E /* hotdogsoup-icon-full.png */ = {isa = PBXFileReference; lastKnownFileType = image.png; path = "hotdogsoup-icon-full.png"; sourceTree = "<group>"; };
		20FAEFCC2837A66C00BEFA8E /* level1.tmx */ = {isa = PBXFileReference; fileEncoding = 4; lastKnownFileType = text.xml; path = level1.tmx; sourceTree = "<group>"; };
		20FAEFCD2837A66C00BEFA8E /* level2.tmx */ = {isa = PBXFileReference; fileEncoding = 4; lastKnownFileType = text.xml; path = level2.tmx; sourceTree = "<group>"; };
		20FAEFCE2837A66C00BEFA8E /* level3.tmx */ = {isa = PBXFileReference; fileEncoding = 4; lastKnownFileType = text.xml; path = level3.tmx; sourceTree = "<group>"; };
		20FAEFCF2837A66C00BEFA8E /* level4.tmx */ = {isa = PBXFileReference; fileEncoding = 4; lastKnownFileType = text.xml; path = level4.tmx; sourceTree = "<group>"; };
		20FAEFD02837A66C00BEFA8E /* level5.tmx */ = {isa = PBXFileReference; fileEncoding = 4; lastKnownFileType = text.xml; path = level5.tmx; sourceTree = "<group>"; };
		20FAEFD12837A66C00BEFA8E /* objecttemplate.tx */ = {isa = PBXFileReference; fileEncoding = 4; lastKnownFileType = text.xml; path = objecttemplate.tx; sourceTree = "<group>"; };
		20FAF0052837A67500BEFA8E /* gameart2d-desert.png */ = {isa = PBXFileReference; lastKnownFileType = image.png; path = "gameart2d-desert.png"; sourceTree = "<group>"; };
		20FAF0062837A67500BEFA8E /* gameart2d-desert.tmx */ = {isa = PBXFileReference; fileEncoding = 4; lastKnownFileType = text.xml; path = "gameart2d-desert.tmx"; sourceTree = "<group>"; };
		20FAF0072837A67500BEFA8E /* jb-32-Tileset.png */ = {isa = PBXFileReference; lastKnownFileType = image.png; path = "jb-32-Tileset.png"; sourceTree = "<group>"; };
		20FAF0082837A67500BEFA8E /* jb-32.tmx */ = {isa = PBXFileReference; fileEncoding = 4; lastKnownFileType = text.xml; path = "jb-32.tmx"; sourceTree = "<group>"; };
		20FAF0092837A67500BEFA8E /* level25-Tileset.png */ = {isa = PBXFileReference; lastKnownFileType = image.png; path = "level25-Tileset.png"; sourceTree = "<group>"; };
		20FAF00A2837A67500BEFA8E /* level25.tmx */ = {isa = PBXFileReference; fileEncoding = 4; lastKnownFileType = text.xml; path = level25.tmx; sourceTree = "<group>"; };
		20FAF00B2837A67500BEFA8E /* MagicLand.tmx */ = {isa = PBXFileReference; fileEncoding = 4; lastKnownFileType = text.xml; path = MagicLand.tmx; sourceTree = "<group>"; };
		20FAF00C2837A67500BEFA8E /* magiclanddizzy_tiles.gif */ = {isa = PBXFileReference; lastKnownFileType = image.gif; path = magiclanddizzy_tiles.gif; sourceTree = "<group>"; };
		20FAF00D2837A67500BEFA8E /* README-.md */ = {isa = PBXFileReference; fileEncoding = 4; lastKnownFileType = net.daringfireball.markdown; path = "README-.md"; sourceTree = "<group>"; };
		20FAF03A2837A68900BEFA8E /* Tiles */ = {isa = PBXFileReference; lastKnownFileType = folder; path = Tiles; sourceTree = "<group>"; };
		20FAF03E2837A6CE00BEFA8E /* screenshots */ = {isa = PBXFileReference; lastKnownFileType = folder; path = screenshots; sourceTree = "<group>"; };
/* End PBXFileReference section */

/* Begin PBXFrameworksBuildPhase section */
		2037A5D028258C4800E13452 /* Frameworks */ = {
			isa = PBXFrameworksBuildPhase;
			buildActionMask = 2147483647;
			files = (
			);
			runOnlyForDeploymentPostprocessing = 0;
		};
		207D3DB22812AD5700FC4C77 /* Frameworks */ = {
			isa = PBXFrameworksBuildPhase;
			buildActionMask = 2147483647;
			files = (
			);
			runOnlyForDeploymentPostprocessing = 0;
		};
		207D3DC32812AD5700FC4C77 /* Frameworks */ = {
			isa = PBXFrameworksBuildPhase;
			buildActionMask = 2147483647;
			files = (
			);
			runOnlyForDeploymentPostprocessing = 0;
		};
/* End PBXFrameworksBuildPhase section */

/* Begin PBXGroup section */
		2014E98A28169C5300A12253 /* Helper */ = {
			isa = PBXGroup;
			children = (
				2014E98628169C4500A12253 /* MathHelper.swift */,
				2014E98B2816B50800A12253 /* ScreenLayoutHelper.swift */,
			);
			path = Helper;
			sourceTree = "<group>";
		};
		2037A5D428258C4900E13452 /* tvOS */ = {
			isa = PBXGroup;
			children = (
				2037A5D528258C4900E13452 /* AppDelegate.swift */,
				2037A5DD28258C4900E13452 /* GameViewController.swift */,
				2037A5DF28258C4900E13452 /* Main.storyboard */,
				2037A5E428258C4A00E13452 /* LaunchScreen.storyboard */,
			);
			path = tvOS;
			sourceTree = "<group>";
		};
		2045AEF62833CBAB00614F38 /* Model */ = {
			isa = PBXGroup;
			children = (
				2056B69E283239E300595F23 /* PEMTmxGroup.swift */,
				2045AEF12833BFA300614F38 /* PEMTmxObjectData.swift */,
				2091DE31283100D900F476C8 /* PEMTmxProperty.swift */,
				2000FD33282BB49F00699DAF /* PEMTmxSpriteSheet.swift */,
				2029D9C9283023C40019FAB4 /* PEMTmxTileAnimation.swift */,
				2029D9CD283023E50019FAB4 /* PEMTmxTileAnimationFrame.swift */,
				2000FD37282BB4D500699DAF /* PEMTmxTileData.swift */,
				20562E15282521C1005CE60A /* PEMTmxTileSet.swift */,
			);
			path = Model;
			sourceTree = "<group>";
		};
		206E238B282667560039C4FE /* Sources */ = {
			isa = PBXGroup;
			children = (
				209AB9A72827C8510021A297 /* Helper */,
				2045AEF62833CBAB00614F38 /* Model */,
				2041C82B282EB49800F584AF /* PEMTmxImageLayer.swift */,
				20562E13282521C1005CE60A /* PEMTmxMap.swift */,
				2045AEED2833A4A600614F38 /* PEMTmxObjectGroup.swift */,
				204097CD282A753300603024 /* PEMTmxTile.swift */,
				20562E11282521C1005CE60A /* PEMTmxTileLayer.swift */,
			);
			path = Sources;
			sourceTree = "<group>";
		};
		206E238C282667640039C4FE /* Demo */ = {
			isa = PBXGroup;
			children = (
				205C86332823D8D800360A29 /* Objc-Bridging-Header.h */,
				204662DF281BE8CF00F3635B /* Define.swift */,
				20CA13A028181D5000797A7C /* Assets */,
				20C9979428227A7D00EEBDE0 /* Scenes */,
				20C9979028227A3400EEBDE0 /* Objects */,
				20CA139C2818160800797A7C /* Controller */,
				2014E98A28169C5300A12253 /* Helper */,
				207D3DB02812AD5700FC4C77 /* Assets.xcassets */,
				20CA158128181D8700797A7C /* Colors.xcassets */,
				207D3DB72812AD5700FC4C77 /* iOS */,
				207D3DC72812AD5700FC4C77 /* macOS */,
				2037A5D428258C4900E13452 /* tvOS */,
			);
			path = Demo;
			sourceTree = "<group>";
		};
		2074E41F28181EDD002137A7 /* Frameworks */ = {
			isa = PBXGroup;
			children = (
			);
			name = Frameworks;
			sourceTree = "<group>";
		};
		207D3DA72812AD5600FC4C77 = {
			isa = PBXGroup;
			children = (
				2000FD43282BDB7400699DAF /* README.md */,
				206E238B282667560039C4FE /* Sources */,
				206E238C282667640039C4FE /* Demo */,
				207D3DB62812AD5700FC4C77 /* Products */,
				2074E41F28181EDD002137A7 /* Frameworks */,
			);
			sourceTree = "<group>";
		};
		207D3DB62812AD5700FC4C77 /* Products */ = {
			isa = PBXGroup;
			children = (
				207D3DB52812AD5700FC4C77 /* PEMTMXMapDemo.app */,
				207D3DC62812AD5700FC4C77 /* PEMTmxMap Demo.app */,
				2037A5D328258C4800E13452 /* PEMTMXDemo.app */,
			);
			name = Products;
			sourceTree = "<group>";
		};
		207D3DB72812AD5700FC4C77 /* iOS */ = {
			isa = PBXGroup;
			children = (
				207D3DB82812AD5700FC4C77 /* AppDelegate.swift */,
				207D3DBA2812AD5700FC4C77 /* GameViewController.swift */,
				207D3DBC2812AD5700FC4C77 /* Main.storyboard */,
				207D3DBF2812AD5700FC4C77 /* LaunchScreen.storyboard */,
			);
			path = iOS;
			sourceTree = "<group>";
		};
		207D3DC72812AD5700FC4C77 /* macOS */ = {
			isa = PBXGroup;
			children = (
				207D3DC82812AD5700FC4C77 /* AppDelegate.swift */,
				20CA139A281815DD00797A7C /* GameViewController.swift */,
				207D3DCC2812AD5700FC4C77 /* Main.storyboard */,
			);
			path = macOS;
			sourceTree = "<group>";
		};
		209AB9A72827C8510021A297 /* Helper */ = {
			isa = PBXGroup;
			children = (
				2077912C28362CAC00E3EA9D /* CGFloat+Extension.swift */,
				20D0D3122828111B001E505D /* Data+Compression.swift */,
				20779130283630EB00E3EA9D /* PEMFontHelper.swift */,
				2000FD3B282BB76D00699DAF /* PEMTmxHelper.swift */,
				205BF67028266D4200077DB2 /* PEMTmxParser.swift */,
				205BF699282687A800077DB2 /* SKColor+Extension.swift */,
				2045AEF72833D0B500614F38 /* TimeInterval+Extension.swift */,
			);
			path = Helper;
			sourceTree = "<group>";
		};
		20C9979028227A3400EEBDE0 /* Objects */ = {
			isa = PBXGroup;
			children = (
				2014E98328168E6100A12253 /* Player.swift */,
			);
			path = Objects;
			sourceTree = "<group>";
		};
		20C9979428227A7D00EEBDE0 /* Scenes */ = {
			isa = PBXGroup;
			children = (
				207D3DAF2812AD5600FC4C77 /* GameScene.swift */,
			);
			path = Scenes;
			sourceTree = "<group>";
		};
		20CA139C2818160800797A7C /* Controller */ = {
			isa = PBXGroup;
			children = (
				20CA139D2818168600797A7C /* GameController.swift */,
			);
			path = Controller;
			sourceTree = "<group>";
		};
		20CA13A028181D5000797A7C /* Assets */ = {
			isa = PBXGroup;
			children = (
				20FAF0042837A67500BEFA8E /* Maps */,
				20FAEFC62837A66C00BEFA8E /* TestMaps */,
			);
			path = Assets;
			sourceTree = "<group>";
		};
		20FAEFC62837A66C00BEFA8E /* TestMaps */ = {
			isa = PBXGroup;
			children = (
				20FAEFC72837A66C00BEFA8E /* Animated kanga.tsx */,
				20FAEFC82837A66C00BEFA8E /* animated1.png */,
				20FAEFC92837A66C00BEFA8E /* animated2.png */,
				20FAEFCA2837A66C00BEFA8E /* Collection.tsx */,
				20FAEFCB2837A66C00BEFA8E /* hotdogsoup-icon-full.png */,
				20FAEFCC2837A66C00BEFA8E /* level1.tmx */,
				20FAEFCD2837A66C00BEFA8E /* level2.tmx */,
				20FAEFCE2837A66C00BEFA8E /* level3.tmx */,
				20FAEFCF2837A66C00BEFA8E /* level4.tmx */,
				20FAEFD02837A66C00BEFA8E /* level5.tmx */,
				20FAEFD12837A66C00BEFA8E /* objecttemplate.tx */,
				20FAF03A2837A68900BEFA8E /* Tiles */,
			);
			path = TestMaps;
			sourceTree = "<group>";
		};
		20FAF0042837A67500BEFA8E /* Maps */ = {
			isa = PBXGroup;
			children = (
				20FAF0052837A67500BEFA8E /* gameart2d-desert.png */,
				20FAF0062837A67500BEFA8E /* gameart2d-desert.tmx */,
				20FAF0072837A67500BEFA8E /* jb-32-Tileset.png */,
				20FAF0082837A67500BEFA8E /* jb-32.tmx */,
				20FAF0092837A67500BEFA8E /* level25-Tileset.png */,
				20FAF00A2837A67500BEFA8E /* level25.tmx */,
				20FAF00B2837A67500BEFA8E /* MagicLand.tmx */,
				20FAF00C2837A67500BEFA8E /* magiclanddizzy_tiles.gif */,
				20FAF00D2837A67500BEFA8E /* README-.md */,
				20FAF03E2837A6CE00BEFA8E /* screenshots */,
			);
			path = Maps;
			sourceTree = "<group>";
		};
/* End PBXGroup section */

/* Begin PBXNativeTarget section */
		2037A5D228258C4800E13452 /* tvOS version */ = {
			isa = PBXNativeTarget;
			buildConfigurationList = 2037A5E728258C4A00E13452 /* Build configuration list for PBXNativeTarget "tvOS version" */;
			buildPhases = (
				2037A5CF28258C4800E13452 /* Sources */,
				2037A5D028258C4800E13452 /* Frameworks */,
				2037A5D128258C4800E13452 /* Resources */,
			);
			buildRules = (
			);
			dependencies = (
			);
			name = "tvOS version";
			productName = pemtmxdemo;
			productReference = 2037A5D328258C4800E13452 /* PEMTMXDemo.app */;
			productType = "com.apple.product-type.application";
		};
		207D3DB42812AD5700FC4C77 /* iOS version */ = {
			isa = PBXNativeTarget;
			buildConfigurationList = 207D3DDA2812AD5700FC4C77 /* Build configuration list for PBXNativeTarget "iOS version" */;
			buildPhases = (
				207D3DB12812AD5700FC4C77 /* Sources */,
				207D3DB22812AD5700FC4C77 /* Frameworks */,
				207D3DB32812AD5700FC4C77 /* Resources */,
			);
			buildRules = (
			);
			dependencies = (
			);
			name = "iOS version";
			packageProductDependencies = (
			);
			productName = "Dotty The Kangaroo iOS";
			productReference = 207D3DB52812AD5700FC4C77 /* PEMTMXMapDemo.app */;
			productType = "com.apple.product-type.application";
		};
		207D3DC52812AD5700FC4C77 /* macOS version */ = {
			isa = PBXNativeTarget;
			buildConfigurationList = 207D3DDD2812AD5700FC4C77 /* Build configuration list for PBXNativeTarget "macOS version" */;
			buildPhases = (
				207D3DC22812AD5700FC4C77 /* Sources */,
				207D3DC32812AD5700FC4C77 /* Frameworks */,
				207D3DC42812AD5700FC4C77 /* Resources */,
			);
			buildRules = (
			);
			dependencies = (
			);
			name = "macOS version";
			packageProductDependencies = (
			);
			productName = "Dotty The Kangaroo macOS";
			productReference = 207D3DC62812AD5700FC4C77 /* PEMTmxMap Demo.app */;
			productType = "com.apple.product-type.application";
		};
/* End PBXNativeTarget section */

/* Begin PBXProject section */
		207D3DA82812AD5600FC4C77 /* Project object */ = {
			isa = PBXProject;
			attributes = {
				BuildIndependentTargetsInParallel = 1;
				LastSwiftUpdateCheck = 1330;
				LastUpgradeCheck = 1340;
				TargetAttributes = {
					2037A5D228258C4800E13452 = {
						CreatedOnToolsVersion = 13.3.1;
					};
					207D3DB42812AD5700FC4C77 = {
						CreatedOnToolsVersion = 13.3.1;
					};
					207D3DC52812AD5700FC4C77 = {
						CreatedOnToolsVersion = 13.3.1;
					};
				};
			};
			buildConfigurationList = 207D3DAB2812AD5600FC4C77 /* Build configuration list for PBXProject "PEMTmxMap" */;
			compatibilityVersion = "Xcode 13.0";
			developmentRegion = en;
			hasScannedForEncodings = 0;
			knownRegions = (
				en,
				Base,
			);
			mainGroup = 207D3DA72812AD5600FC4C77;
			packageReferences = (
			);
			productRefGroup = 207D3DB62812AD5700FC4C77 /* Products */;
			projectDirPath = "";
			projectRoot = "";
			targets = (
				207D3DB42812AD5700FC4C77 /* iOS version */,
				207D3DC52812AD5700FC4C77 /* macOS version */,
				2037A5D228258C4800E13452 /* tvOS version */,
			);
		};
/* End PBXProject section */

/* Begin PBXResourcesBuildPhase section */
		2037A5D128258C4800E13452 /* Resources */ = {
			isa = PBXResourcesBuildPhase;
			buildActionMask = 2147483647;
			files = (
				20FAEFD92837A66C00BEFA8E /* Animated kanga.tsx in Resources */,
				2037A5E128258C4900E13452 /* Main.storyboard in Resources */,
				20FAEFDC2837A66C00BEFA8E /* animated1.png in Resources */,
				2037A5EB28258D9D00E13452 /* Colors.xcassets in Resources */,
				2037A5EA28258D9A00E13452 /* Assets.xcassets in Resources */,
				20FAEFF42837A66C00BEFA8E /* level5.tmx in Resources */,
				20FAF01E2837A67500BEFA8E /* jb-32.tmx in Resources */,
				20FAEFEE2837A66C00BEFA8E /* level3.tmx in Resources */,
				20FAEFE52837A66C00BEFA8E /* hotdogsoup-icon-full.png in Resources */,
				20FAEFF12837A66C00BEFA8E /* level4.tmx in Resources */,
				20FAF0242837A67500BEFA8E /* level25.tmx in Resources */,
				20FAF0182837A67500BEFA8E /* gameart2d-desert.tmx in Resources */,
				20FAF01B2837A67500BEFA8E /* jb-32-Tileset.png in Resources */,
				20FAF0212837A67500BEFA8E /* level25-Tileset.png in Resources */,
				20FAF0272837A67500BEFA8E /* MagicLand.tmx in Resources */,
				20FAEFE82837A66C00BEFA8E /* level1.tmx in Resources */,
				20FAEFDF2837A66C00BEFA8E /* animated2.png in Resources */,
				2000FD46282BDB7400699DAF /* README.md in Resources */,
				20FAF0152837A67500BEFA8E /* gameart2d-desert.png in Resources */,
				20FAEFE22837A66C00BEFA8E /* Collection.tsx in Resources */,
				2037A5E628258C4A00E13452 /* LaunchScreen.storyboard in Resources */,
				20FAF03D2837A68900BEFA8E /* Tiles in Resources */,
				20FAF0412837A6CE00BEFA8E /* screenshots in Resources */,
				20FAEFF72837A66D00BEFA8E /* objecttemplate.tx in Resources */,
				20FAF02A2837A67500BEFA8E /* magiclanddizzy_tiles.gif in Resources */,
				20FAF02D2837A67500BEFA8E /* README-.md in Resources */,
				20FAEFEB2837A66C00BEFA8E /* level2.tmx in Resources */,
			);
			runOnlyForDeploymentPostprocessing = 0;
		};
		207D3DB32812AD5700FC4C77 /* Resources */ = {
			isa = PBXResourcesBuildPhase;
			buildActionMask = 2147483647;
			files = (
				20FAEFD72837A66C00BEFA8E /* Animated kanga.tsx in Resources */,
				207D3DBE2812AD5700FC4C77 /* Main.storyboard in Resources */,
				20FAEFDA2837A66C00BEFA8E /* animated1.png in Resources */,
				207D3DC12812AD5700FC4C77 /* LaunchScreen.storyboard in Resources */,
				207D3DD62812AD5700FC4C77 /* Assets.xcassets in Resources */,
				20FAEFF22837A66C00BEFA8E /* level5.tmx in Resources */,
				20FAF01C2837A67500BEFA8E /* jb-32.tmx in Resources */,
				20FAEFEC2837A66C00BEFA8E /* level3.tmx in Resources */,
				20FAEFE32837A66C00BEFA8E /* hotdogsoup-icon-full.png in Resources */,
				20FAEFEF2837A66C00BEFA8E /* level4.tmx in Resources */,
				20FAF0222837A67500BEFA8E /* level25.tmx in Resources */,
				20FAF0162837A67500BEFA8E /* gameart2d-desert.tmx in Resources */,
				20FAF0192837A67500BEFA8E /* jb-32-Tileset.png in Resources */,
				20FAF01F2837A67500BEFA8E /* level25-Tileset.png in Resources */,
				20FAF0252837A67500BEFA8E /* MagicLand.tmx in Resources */,
				20FAEFE62837A66C00BEFA8E /* level1.tmx in Resources */,
				20FAEFDD2837A66C00BEFA8E /* animated2.png in Resources */,
				2000FD44282BDB7400699DAF /* README.md in Resources */,
				20FAF0132837A67500BEFA8E /* gameart2d-desert.png in Resources */,
				20FAEFE02837A66C00BEFA8E /* Collection.tsx in Resources */,
				20CA158228181D8700797A7C /* Colors.xcassets in Resources */,
				20FAF03B2837A68900BEFA8E /* Tiles in Resources */,
				20FAF03F2837A6CE00BEFA8E /* screenshots in Resources */,
				20FAEFF52837A66C00BEFA8E /* objecttemplate.tx in Resources */,
				20FAF0282837A67500BEFA8E /* magiclanddizzy_tiles.gif in Resources */,
				20FAF02B2837A67500BEFA8E /* README-.md in Resources */,
				20FAEFE92837A66C00BEFA8E /* level2.tmx in Resources */,
			);
			runOnlyForDeploymentPostprocessing = 0;
		};
		207D3DC42812AD5700FC4C77 /* Resources */ = {
			isa = PBXResourcesBuildPhase;
			buildActionMask = 2147483647;
			files = (
				20FAEFE72837A66C00BEFA8E /* level1.tmx in Resources */,
				20FAEFEA2837A66C00BEFA8E /* level2.tmx in Resources */,
				20FAEFD82837A66C00BEFA8E /* Animated kanga.tsx in Resources */,
				20FAEFDE2837A66C00BEFA8E /* animated2.png in Resources */,
				20FAEFED2837A66C00BEFA8E /* level3.tmx in Resources */,
				20FAF0292837A67500BEFA8E /* magiclanddizzy_tiles.gif in Resources */,
				207D3DCE2812AD5700FC4C77 /* Main.storyboard in Resources */,
				20FAEFF32837A66C00BEFA8E /* level5.tmx in Resources */,
				20FAF0402837A6CE00BEFA8E /* screenshots in Resources */,
				20FAF0172837A67500BEFA8E /* gameart2d-desert.tmx in Resources */,
				2000FD45282BDB7400699DAF /* README.md in Resources */,
				20CA158328181D8700797A7C /* Colors.xcassets in Resources */,
				20FAF02C2837A67500BEFA8E /* README-.md in Resources */,
				20FAEFE42837A66C00BEFA8E /* hotdogsoup-icon-full.png in Resources */,
				20FAEFDB2837A66C00BEFA8E /* animated1.png in Resources */,
				20FAF03C2837A68900BEFA8E /* Tiles in Resources */,
				20FAF0142837A67500BEFA8E /* gameart2d-desert.png in Resources */,
				20FAEFF62837A66D00BEFA8E /* objecttemplate.tx in Resources */,
				20FAF01D2837A67500BEFA8E /* jb-32.tmx in Resources */,
				20FAF0262837A67500BEFA8E /* MagicLand.tmx in Resources */,
				20FAF01A2837A67500BEFA8E /* jb-32-Tileset.png in Resources */,
				207D3DD72812AD5700FC4C77 /* Assets.xcassets in Resources */,
				20FAF0202837A67500BEFA8E /* level25-Tileset.png in Resources */,
				20FAEFE12837A66C00BEFA8E /* Collection.tsx in Resources */,
				20FAEFF02837A66C00BEFA8E /* level4.tmx in Resources */,
				20FAF0232837A67500BEFA8E /* level25.tmx in Resources */,
			);
			runOnlyForDeploymentPostprocessing = 0;
		};
/* End PBXResourcesBuildPhase section */

/* Begin PBXSourcesBuildPhase section */
		2037A5CF28258C4800E13452 /* Sources */ = {
			isa = PBXSourcesBuildPhase;
			buildActionMask = 2147483647;
			files = (
				20779133283630EB00E3EA9D /* PEMFontHelper.swift in Sources */,
				2037A5F028258DAA00E13452 /* ScreenLayoutHelper.swift in Sources */,
				2045AEF02833A4A600614F38 /* PEMTmxObjectGroup.swift in Sources */,
				2037A5F528258DB500E13452 /* PEMTmxMap.swift in Sources */,
				2037A5EE28258DA500E13452 /* GameController.swift in Sources */,
				204097D0282A753300603024 /* PEMTmxTile.swift in Sources */,
				2037A5DE28258C4900E13452 /* GameViewController.swift in Sources */,
				2037A5EC28258DA000E13452 /* GameScene.swift in Sources */,
				2045AEF42833BFA300614F38 /* PEMTmxObjectData.swift in Sources */,
				2000FD3A282BB4D500699DAF /* PEMTmxTileData.swift in Sources */,
				2037A5ED28258DA300E13452 /* Player.swift in Sources */,
				2029D9CC283023C40019FAB4 /* PEMTmxTileAnimation.swift in Sources */,
				2091DE34283100D900F476C8 /* PEMTmxProperty.swift in Sources */,
				2037A5EF28258DA800E13452 /* MathHelper.swift in Sources */,
				205BF69C282687A800077DB2 /* SKColor+Extension.swift in Sources */,
				205BF6A72826A41400077DB2 /* PEMTmxTileSet.swift in Sources */,
				2037A5F828258E0700E13452 /* Define.swift in Sources */,
				2000FD36282BB49F00699DAF /* PEMTmxSpriteSheet.swift in Sources */,
				2037A5D628258C4900E13452 /* AppDelegate.swift in Sources */,
				20D0D3112827EA69001E505D /* PEMTmxTileLayer.swift in Sources */,
				2041C82E282EB49800F584AF /* PEMTmxImageLayer.swift in Sources */,
				20D0D3152828111B001E505D /* Data+Compression.swift in Sources */,
				2029D9D0283023E50019FAB4 /* PEMTmxTileAnimationFrame.swift in Sources */,
				2000FD3E282BB76D00699DAF /* PEMTmxHelper.swift in Sources */,
				2077912F28362CAC00E3EA9D /* CGFloat+Extension.swift in Sources */,
				205BF67328266D4200077DB2 /* PEMTmxParser.swift in Sources */,
				2056B6A1283239E300595F23 /* PEMTmxGroup.swift in Sources */,
				2045AEFA2833D0B500614F38 /* TimeInterval+Extension.swift in Sources */,
			);
			runOnlyForDeploymentPostprocessing = 0;
		};
		207D3DB12812AD5700FC4C77 /* Sources */ = {
			isa = PBXSourcesBuildPhase;
			buildActionMask = 2147483647;
			files = (
				20779131283630EB00E3EA9D /* PEMFontHelper.swift in Sources */,
				2014E98728169C4500A12253 /* MathHelper.swift in Sources */,
				2045AEEE2833A4A600614F38 /* PEMTmxObjectGroup.swift in Sources */,
				2014E98C2816B50800A12253 /* ScreenLayoutHelper.swift in Sources */,
				2037A5C9282587AB00E13452 /* PEMTmxMap.swift in Sources */,
				204097CE282A753300603024 /* PEMTmxTile.swift in Sources */,
				204662E0281BE8CF00F3635B /* Define.swift in Sources */,
				2014E98428168E6100A12253 /* Player.swift in Sources */,
				2045AEF22833BFA300614F38 /* PEMTmxObjectData.swift in Sources */,
				2000FD38282BB4D500699DAF /* PEMTmxTileData.swift in Sources */,
				207D3DD42812AD5700FC4C77 /* GameScene.swift in Sources */,
				2029D9CA283023C40019FAB4 /* PEMTmxTileAnimation.swift in Sources */,
				2091DE32283100D900F476C8 /* PEMTmxProperty.swift in Sources */,
				207D3DBB2812AD5700FC4C77 /* GameViewController.swift in Sources */,
				205BF69A282687A800077DB2 /* SKColor+Extension.swift in Sources */,
				205BF6A52826A41300077DB2 /* PEMTmxTileSet.swift in Sources */,
				207D3DB92812AD5700FC4C77 /* AppDelegate.swift in Sources */,
				2000FD34282BB49F00699DAF /* PEMTmxSpriteSheet.swift in Sources */,
				20CA139E2818168600797A7C /* GameController.swift in Sources */,
				20D0D30F2827EA68001E505D /* PEMTmxTileLayer.swift in Sources */,
				2041C82C282EB49800F584AF /* PEMTmxImageLayer.swift in Sources */,
				20D0D3132828111B001E505D /* Data+Compression.swift in Sources */,
				2029D9CE283023E50019FAB4 /* PEMTmxTileAnimationFrame.swift in Sources */,
				2000FD3C282BB76D00699DAF /* PEMTmxHelper.swift in Sources */,
				2077912D28362CAC00E3EA9D /* CGFloat+Extension.swift in Sources */,
				205BF67128266D4200077DB2 /* PEMTmxParser.swift in Sources */,
				2056B69F283239E300595F23 /* PEMTmxGroup.swift in Sources */,
				2045AEF82833D0B500614F38 /* TimeInterval+Extension.swift in Sources */,
			);
			runOnlyForDeploymentPostprocessing = 0;
		};
		207D3DC22812AD5700FC4C77 /* Sources */ = {
			isa = PBXSourcesBuildPhase;
			buildActionMask = 2147483647;
			files = (
				20779132283630EB00E3EA9D /* PEMFontHelper.swift in Sources */,
				2014E98828169C4500A12253 /* MathHelper.swift in Sources */,
				2045AEEF2833A4A600614F38 /* PEMTmxObjectGroup.swift in Sources */,
				2014E98D2816B50800A12253 /* ScreenLayoutHelper.swift in Sources */,
				2037A5CE282587AC00E13452 /* PEMTmxMap.swift in Sources */,
				204097CF282A753300603024 /* PEMTmxTile.swift in Sources */,
				204662E1281BE8CF00F3635B /* Define.swift in Sources */,
				2014E98528168E6100A12253 /* Player.swift in Sources */,
				2045AEF32833BFA300614F38 /* PEMTmxObjectData.swift in Sources */,
				2000FD39282BB4D500699DAF /* PEMTmxTileData.swift in Sources */,
				207D3DD52812AD5700FC4C77 /* GameScene.swift in Sources */,
				2029D9CB283023C40019FAB4 /* PEMTmxTileAnimation.swift in Sources */,
				2091DE33283100D900F476C8 /* PEMTmxProperty.swift in Sources */,
				20CA139B281815DD00797A7C /* GameViewController.swift in Sources */,
				205BF69B282687A800077DB2 /* SKColor+Extension.swift in Sources */,
				205BF6A62826A41400077DB2 /* PEMTmxTileSet.swift in Sources */,
				207D3DC92812AD5700FC4C77 /* AppDelegate.swift in Sources */,
				2000FD35282BB49F00699DAF /* PEMTmxSpriteSheet.swift in Sources */,
				20CA139F2818168600797A7C /* GameController.swift in Sources */,
				20D0D3102827EA69001E505D /* PEMTmxTileLayer.swift in Sources */,
				2041C82D282EB49800F584AF /* PEMTmxImageLayer.swift in Sources */,
				20D0D3142828111B001E505D /* Data+Compression.swift in Sources */,
				2029D9CF283023E50019FAB4 /* PEMTmxTileAnimationFrame.swift in Sources */,
				2000FD3D282BB76D00699DAF /* PEMTmxHelper.swift in Sources */,
				2077912E28362CAC00E3EA9D /* CGFloat+Extension.swift in Sources */,
				205BF67228266D4200077DB2 /* PEMTmxParser.swift in Sources */,
				2056B6A0283239E300595F23 /* PEMTmxGroup.swift in Sources */,
				2045AEF92833D0B500614F38 /* TimeInterval+Extension.swift in Sources */,
			);
			runOnlyForDeploymentPostprocessing = 0;
		};
/* End PBXSourcesBuildPhase section */

/* Begin PBXVariantGroup section */
		2037A5DF28258C4900E13452 /* Main.storyboard */ = {
			isa = PBXVariantGroup;
			children = (
				2037A5E028258C4900E13452 /* Base */,
			);
			name = Main.storyboard;
			sourceTree = "<group>";
		};
		2037A5E428258C4A00E13452 /* LaunchScreen.storyboard */ = {
			isa = PBXVariantGroup;
			children = (
				2037A5E528258C4A00E13452 /* Base */,
			);
			name = LaunchScreen.storyboard;
			sourceTree = "<group>";
		};
		207D3DBC2812AD5700FC4C77 /* Main.storyboard */ = {
			isa = PBXVariantGroup;
			children = (
				207D3DBD2812AD5700FC4C77 /* Base */,
			);
			name = Main.storyboard;
			sourceTree = "<group>";
		};
		207D3DBF2812AD5700FC4C77 /* LaunchScreen.storyboard */ = {
			isa = PBXVariantGroup;
			children = (
				207D3DC02812AD5700FC4C77 /* Base */,
			);
			name = LaunchScreen.storyboard;
			sourceTree = "<group>";
		};
		207D3DCC2812AD5700FC4C77 /* Main.storyboard */ = {
			isa = PBXVariantGroup;
			children = (
				207D3DCD2812AD5700FC4C77 /* Base */,
			);
			name = Main.storyboard;
			sourceTree = "<group>";
		};
/* End PBXVariantGroup section */

/* Begin XCBuildConfiguration section */
		2037A5E828258C4A00E13452 /* Debug */ = {
			isa = XCBuildConfiguration;
			buildSettings = {
				ASSETCATALOG_COMPILER_APPICON_NAME = "App Icon & Top Shelf Image";
				ASSETCATALOG_COMPILER_GLOBAL_ACCENT_COLOR_NAME = AccentColor;
				CODE_SIGN_STYLE = Automatic;
				CURRENT_PROJECT_VERSION = 1;
				DEVELOPMENT_TEAM = 5ZQJBZ5NT4;
				GENERATE_INFOPLIST_FILE = YES;
				INFOPLIST_KEY_UILaunchStoryboardName = LaunchScreen;
				INFOPLIST_KEY_UIMainStoryboardFile = Main;
				INFOPLIST_KEY_UIUserInterfaceStyle = Automatic;
				LD_RUNPATH_SEARCH_PATHS = (
					"$(inherited)",
					"@executable_path/Frameworks",
				);
				MARKETING_VERSION = 1.0;
				SDKROOT = appletvos;
				SWIFT_EMIT_LOC_STRINGS = YES;
				SWIFT_VERSION = 5.0;
				TARGETED_DEVICE_FAMILY = 3;
			};
			name = Debug;
		};
		2037A5E928258C4A00E13452 /* Release */ = {
			isa = XCBuildConfiguration;
			buildSettings = {
				ASSETCATALOG_COMPILER_APPICON_NAME = "App Icon & Top Shelf Image";
				ASSETCATALOG_COMPILER_GLOBAL_ACCENT_COLOR_NAME = AccentColor;
				CODE_SIGN_STYLE = Automatic;
				CURRENT_PROJECT_VERSION = 1;
				DEVELOPMENT_TEAM = 5ZQJBZ5NT4;
				GENERATE_INFOPLIST_FILE = YES;
				INFOPLIST_KEY_UILaunchStoryboardName = LaunchScreen;
				INFOPLIST_KEY_UIMainStoryboardFile = Main;
				INFOPLIST_KEY_UIUserInterfaceStyle = Automatic;
				LD_RUNPATH_SEARCH_PATHS = (
					"$(inherited)",
					"@executable_path/Frameworks",
				);
				MARKETING_VERSION = 1.0;
				SDKROOT = appletvos;
				SWIFT_EMIT_LOC_STRINGS = YES;
				SWIFT_VERSION = 5.0;
				TARGETED_DEVICE_FAMILY = 3;
				VALIDATE_PRODUCT = YES;
			};
			name = Release;
		};
		207D3DD82812AD5700FC4C77 /* Debug */ = {
			isa = XCBuildConfiguration;
			buildSettings = {
				ALWAYS_SEARCH_USER_PATHS = NO;
				CLANG_ANALYZER_NONNULL = YES;
				CLANG_ANALYZER_NUMBER_OBJECT_CONVERSION = YES_AGGRESSIVE;
				CLANG_CXX_LANGUAGE_STANDARD = "gnu++17";
				CLANG_ENABLE_MODULES = YES;
				CLANG_ENABLE_OBJC_ARC = YES;
				CLANG_ENABLE_OBJC_WEAK = YES;
				CLANG_WARN_BLOCK_CAPTURE_AUTORELEASING = YES;
				CLANG_WARN_BOOL_CONVERSION = YES;
				CLANG_WARN_COMMA = YES;
				CLANG_WARN_CONSTANT_CONVERSION = YES;
				CLANG_WARN_DEPRECATED_OBJC_IMPLEMENTATIONS = YES;
				CLANG_WARN_DIRECT_OBJC_ISA_USAGE = YES_ERROR;
				CLANG_WARN_DOCUMENTATION_COMMENTS = YES;
				CLANG_WARN_EMPTY_BODY = YES;
				CLANG_WARN_ENUM_CONVERSION = YES;
				CLANG_WARN_INFINITE_RECURSION = YES;
				CLANG_WARN_INT_CONVERSION = YES;
				CLANG_WARN_NON_LITERAL_NULL_CONVERSION = YES;
				CLANG_WARN_OBJC_IMPLICIT_RETAIN_SELF = YES;
				CLANG_WARN_OBJC_LITERAL_CONVERSION = YES;
				CLANG_WARN_OBJC_ROOT_CLASS = YES_ERROR;
				CLANG_WARN_QUOTED_INCLUDE_IN_FRAMEWORK_HEADER = YES;
				CLANG_WARN_RANGE_LOOP_ANALYSIS = YES;
				CLANG_WARN_STRICT_PROTOTYPES = YES;
				CLANG_WARN_SUSPICIOUS_MOVE = YES;
				CLANG_WARN_UNGUARDED_AVAILABILITY = YES_AGGRESSIVE;
				CLANG_WARN_UNREACHABLE_CODE = YES;
				CLANG_WARN__DUPLICATE_METHOD_MATCH = YES;
				COPY_PHASE_STRIP = NO;
				DEBUG_INFORMATION_FORMAT = dwarf;
				ENABLE_STRICT_OBJC_MSGSEND = YES;
				ENABLE_TESTABILITY = YES;
				GCC_C_LANGUAGE_STANDARD = gnu11;
				GCC_DYNAMIC_NO_PIC = NO;
				GCC_NO_COMMON_BLOCKS = YES;
				GCC_OPTIMIZATION_LEVEL = 0;
				GCC_PREPROCESSOR_DEFINITIONS = (
					"DEBUG=1",
					"$(inherited)",
				);
				GCC_WARN_64_TO_32_BIT_CONVERSION = YES;
				GCC_WARN_ABOUT_RETURN_TYPE = YES_ERROR;
				GCC_WARN_UNDECLARED_SELECTOR = YES;
				GCC_WARN_UNINITIALIZED_AUTOS = YES_AGGRESSIVE;
				GCC_WARN_UNUSED_FUNCTION = YES;
				GCC_WARN_UNUSED_VARIABLE = YES;
				INFOPLIST_KEY_CFBundleDisplayName = "PEMTmxMap Demo";
				IPHONEOS_DEPLOYMENT_TARGET = 13.6;
				MACOSX_DEPLOYMENT_TARGET = 10.15;
				MTL_ENABLE_DEBUG_INFO = INCLUDE_SOURCE;
				MTL_FAST_MATH = YES;
				ONLY_ACTIVE_ARCH = YES;
				PRODUCT_BUNDLE_IDENTIFIER = "nl.p-edge.pemtmxmapdemo";
				PRODUCT_NAME = "PEMTmxMap Demo";
				SWIFT_ACTIVE_COMPILATION_CONDITIONS = DEBUG;
				SWIFT_OBJC_BRIDGING_HEADER = "Demo/Objc-Bridging-Header.h";
				SWIFT_OPTIMIZATION_LEVEL = "-Onone";
				TVOS_DEPLOYMENT_TARGET = 13.4;
			};
			name = Debug;
		};
		207D3DD92812AD5700FC4C77 /* Release */ = {
			isa = XCBuildConfiguration;
			buildSettings = {
				ALWAYS_SEARCH_USER_PATHS = NO;
				CLANG_ANALYZER_NONNULL = YES;
				CLANG_ANALYZER_NUMBER_OBJECT_CONVERSION = YES_AGGRESSIVE;
				CLANG_CXX_LANGUAGE_STANDARD = "gnu++17";
				CLANG_ENABLE_MODULES = YES;
				CLANG_ENABLE_OBJC_ARC = YES;
				CLANG_ENABLE_OBJC_WEAK = YES;
				CLANG_WARN_BLOCK_CAPTURE_AUTORELEASING = YES;
				CLANG_WARN_BOOL_CONVERSION = YES;
				CLANG_WARN_COMMA = YES;
				CLANG_WARN_CONSTANT_CONVERSION = YES;
				CLANG_WARN_DEPRECATED_OBJC_IMPLEMENTATIONS = YES;
				CLANG_WARN_DIRECT_OBJC_ISA_USAGE = YES_ERROR;
				CLANG_WARN_DOCUMENTATION_COMMENTS = YES;
				CLANG_WARN_EMPTY_BODY = YES;
				CLANG_WARN_ENUM_CONVERSION = YES;
				CLANG_WARN_INFINITE_RECURSION = YES;
				CLANG_WARN_INT_CONVERSION = YES;
				CLANG_WARN_NON_LITERAL_NULL_CONVERSION = YES;
				CLANG_WARN_OBJC_IMPLICIT_RETAIN_SELF = YES;
				CLANG_WARN_OBJC_LITERAL_CONVERSION = YES;
				CLANG_WARN_OBJC_ROOT_CLASS = YES_ERROR;
				CLANG_WARN_QUOTED_INCLUDE_IN_FRAMEWORK_HEADER = YES;
				CLANG_WARN_RANGE_LOOP_ANALYSIS = YES;
				CLANG_WARN_STRICT_PROTOTYPES = YES;
				CLANG_WARN_SUSPICIOUS_MOVE = YES;
				CLANG_WARN_UNGUARDED_AVAILABILITY = YES_AGGRESSIVE;
				CLANG_WARN_UNREACHABLE_CODE = YES;
				CLANG_WARN__DUPLICATE_METHOD_MATCH = YES;
				COPY_PHASE_STRIP = NO;
				DEBUG_INFORMATION_FORMAT = "dwarf-with-dsym";
				ENABLE_NS_ASSERTIONS = NO;
				ENABLE_STRICT_OBJC_MSGSEND = YES;
				GCC_C_LANGUAGE_STANDARD = gnu11;
				GCC_NO_COMMON_BLOCKS = YES;
				GCC_WARN_64_TO_32_BIT_CONVERSION = YES;
				GCC_WARN_ABOUT_RETURN_TYPE = YES_ERROR;
				GCC_WARN_UNDECLARED_SELECTOR = YES;
				GCC_WARN_UNINITIALIZED_AUTOS = YES_AGGRESSIVE;
				GCC_WARN_UNUSED_FUNCTION = YES;
				GCC_WARN_UNUSED_VARIABLE = YES;
				INFOPLIST_KEY_CFBundleDisplayName = "PEMTmxMap Demo";
				IPHONEOS_DEPLOYMENT_TARGET = 13.6;
				MACOSX_DEPLOYMENT_TARGET = 10.15;
				MTL_ENABLE_DEBUG_INFO = NO;
				MTL_FAST_MATH = YES;
				PRODUCT_BUNDLE_IDENTIFIER = "nl.p-edge.pemtmxmapdemo";
				PRODUCT_NAME = "PEMTmxMap Demo";
				SWIFT_COMPILATION_MODE = wholemodule;
				SWIFT_OBJC_BRIDGING_HEADER = "Demo/Objc-Bridging-Header.h";
				SWIFT_OPTIMIZATION_LEVEL = "-O";
				TVOS_DEPLOYMENT_TARGET = 13.4;
			};
			name = Release;
		};
		207D3DDB2812AD5700FC4C77 /* Debug */ = {
			isa = XCBuildConfiguration;
			buildSettings = {
				ASSETCATALOG_COMPILER_APPICON_NAME = AppIcon;
				ASSETCATALOG_COMPILER_GLOBAL_ACCENT_COLOR_NAME = AccentColor;
				CODE_SIGN_STYLE = Automatic;
				CURRENT_PROJECT_VERSION = 1;
				DEVELOPMENT_TEAM = 5ZQJBZ5NT4;
				GENERATE_INFOPLIST_FILE = YES;
				INFOPLIST_KEY_UIApplicationSupportsIndirectInputEvents = YES;
				INFOPLIST_KEY_UILaunchStoryboardName = LaunchScreen;
				INFOPLIST_KEY_UIMainStoryboardFile = Main;
				INFOPLIST_KEY_UIRequiresFullScreen = YES;
				INFOPLIST_KEY_UIStatusBarHidden = YES;
				INFOPLIST_KEY_UISupportedInterfaceOrientations = "UIInterfaceOrientationLandscapeLeft UIInterfaceOrientationLandscapeRight";
				INFOPLIST_KEY_UISupportedInterfaceOrientations_iPad = "UIInterfaceOrientationPortrait UIInterfaceOrientationPortraitUpsideDown UIInterfaceOrientationLandscapeLeft UIInterfaceOrientationLandscapeRight";
				INFOPLIST_KEY_UISupportedInterfaceOrientations_iPhone = "UIInterfaceOrientationPortrait UIInterfaceOrientationLandscapeLeft UIInterfaceOrientationLandscapeRight";
				LD_RUNPATH_SEARCH_PATHS = (
					"$(inherited)",
					"@executable_path/Frameworks",
				);
				MARKETING_VERSION = 1.0;
				SDKROOT = iphoneos;
				SWIFT_EMIT_LOC_STRINGS = YES;
				SWIFT_VERSION = 5.0;
				TARGETED_DEVICE_FAMILY = "1,2";
			};
			name = Debug;
		};
		207D3DDC2812AD5700FC4C77 /* Release */ = {
			isa = XCBuildConfiguration;
			buildSettings = {
				ASSETCATALOG_COMPILER_APPICON_NAME = AppIcon;
				ASSETCATALOG_COMPILER_GLOBAL_ACCENT_COLOR_NAME = AccentColor;
				CODE_SIGN_STYLE = Automatic;
				CURRENT_PROJECT_VERSION = 1;
				DEVELOPMENT_TEAM = 5ZQJBZ5NT4;
				GENERATE_INFOPLIST_FILE = YES;
				INFOPLIST_KEY_UIApplicationSupportsIndirectInputEvents = YES;
				INFOPLIST_KEY_UILaunchStoryboardName = LaunchScreen;
				INFOPLIST_KEY_UIMainStoryboardFile = Main;
				INFOPLIST_KEY_UIRequiresFullScreen = YES;
				INFOPLIST_KEY_UIStatusBarHidden = YES;
				INFOPLIST_KEY_UISupportedInterfaceOrientations = "UIInterfaceOrientationLandscapeLeft UIInterfaceOrientationLandscapeRight";
				INFOPLIST_KEY_UISupportedInterfaceOrientations_iPad = "UIInterfaceOrientationPortrait UIInterfaceOrientationPortraitUpsideDown UIInterfaceOrientationLandscapeLeft UIInterfaceOrientationLandscapeRight";
				INFOPLIST_KEY_UISupportedInterfaceOrientations_iPhone = "UIInterfaceOrientationPortrait UIInterfaceOrientationLandscapeLeft UIInterfaceOrientationLandscapeRight";
				LD_RUNPATH_SEARCH_PATHS = (
					"$(inherited)",
					"@executable_path/Frameworks",
				);
				MARKETING_VERSION = 1.0;
				SDKROOT = iphoneos;
				SWIFT_EMIT_LOC_STRINGS = YES;
				SWIFT_VERSION = 5.0;
				TARGETED_DEVICE_FAMILY = "1,2";
				VALIDATE_PRODUCT = YES;
			};
			name = Release;
		};
		207D3DDE2812AD5700FC4C77 /* Debug */ = {
			isa = XCBuildConfiguration;
			buildSettings = {
				ASSETCATALOG_COMPILER_APPICON_NAME = AppIcon;
				ASSETCATALOG_COMPILER_GLOBAL_ACCENT_COLOR_NAME = AccentColor;
				CODE_SIGN_IDENTITY = "Apple Development";
				CODE_SIGN_STYLE = Automatic;
				COMBINE_HIDPI_IMAGES = NO;
				CURRENT_PROJECT_VERSION = 1;
				DEVELOPMENT_TEAM = 5ZQJBZ5NT4;
				ENABLE_HARDENED_RUNTIME = YES;
				GENERATE_INFOPLIST_FILE = YES;
				INFOPLIST_KEY_CFBundleDisplayName = "PEMTmxMap Demo";
				INFOPLIST_KEY_LSApplicationCategoryType = "public.app-category.games";
				INFOPLIST_KEY_NSMainStoryboardFile = Main;
				INFOPLIST_KEY_NSPrincipalClass = NSApplication;
				LD_RUNPATH_SEARCH_PATHS = (
					"$(inherited)",
					"@executable_path/../Frameworks",
				);
				MARKETING_VERSION = 1.0;
				PROVISIONING_PROFILE_SPECIFIER = "";
				SDKROOT = macosx;
				SWIFT_EMIT_LOC_STRINGS = YES;
				SWIFT_VERSION = 5.0;
			};
			name = Debug;
		};
		207D3DDF2812AD5700FC4C77 /* Release */ = {
			isa = XCBuildConfiguration;
			buildSettings = {
				ASSETCATALOG_COMPILER_APPICON_NAME = AppIcon;
				ASSETCATALOG_COMPILER_GLOBAL_ACCENT_COLOR_NAME = AccentColor;
				CODE_SIGN_IDENTITY = "Apple Development";
				CODE_SIGN_STYLE = Automatic;
				COMBINE_HIDPI_IMAGES = NO;
				CURRENT_PROJECT_VERSION = 1;
				DEVELOPMENT_TEAM = 5ZQJBZ5NT4;
				ENABLE_HARDENED_RUNTIME = YES;
				GENERATE_INFOPLIST_FILE = YES;
				INFOPLIST_KEY_CFBundleDisplayName = "PEMTmxMap Demo";
				INFOPLIST_KEY_LSApplicationCategoryType = "public.app-category.games";
				INFOPLIST_KEY_NSMainStoryboardFile = Main;
				INFOPLIST_KEY_NSPrincipalClass = NSApplication;
				LD_RUNPATH_SEARCH_PATHS = (
					"$(inherited)",
					"@executable_path/../Frameworks",
				);
				MARKETING_VERSION = 1.0;
				PROVISIONING_PROFILE_SPECIFIER = "";
				SDKROOT = macosx;
				SWIFT_EMIT_LOC_STRINGS = YES;
				SWIFT_VERSION = 5.0;
			};
			name = Release;
		};
/* End XCBuildConfiguration section */

/* Begin XCConfigurationList section */
		2037A5E728258C4A00E13452 /* Build configuration list for PBXNativeTarget "tvOS version" */ = {
			isa = XCConfigurationList;
			buildConfigurations = (
				2037A5E828258C4A00E13452 /* Debug */,
				2037A5E928258C4A00E13452 /* Release */,
			);
			defaultConfigurationIsVisible = 0;
			defaultConfigurationName = Release;
		};
		207D3DAB2812AD5600FC4C77 /* Build configuration list for PBXProject "PEMTmxMap" */ = {
			isa = XCConfigurationList;
			buildConfigurations = (
				207D3DD82812AD5700FC4C77 /* Debug */,
				207D3DD92812AD5700FC4C77 /* Release */,
			);
			defaultConfigurationIsVisible = 0;
			defaultConfigurationName = Release;
		};
		207D3DDA2812AD5700FC4C77 /* Build configuration list for PBXNativeTarget "iOS version" */ = {
			isa = XCConfigurationList;
			buildConfigurations = (
				207D3DDB2812AD5700FC4C77 /* Debug */,
				207D3DDC2812AD5700FC4C77 /* Release */,
			);
			defaultConfigurationIsVisible = 0;
			defaultConfigurationName = Release;
		};
		207D3DDD2812AD5700FC4C77 /* Build configuration list for PBXNativeTarget "macOS version" */ = {
			isa = XCConfigurationList;
			buildConfigurations = (
				207D3DDE2812AD5700FC4C77 /* Debug */,
				207D3DDF2812AD5700FC4C77 /* Release */,
			);
			defaultConfigurationIsVisible = 0;
			defaultConfigurationName = Release;
		};
/* End XCConfigurationList section */
	};
	rootObject = 207D3DA82812AD5600FC4C77 /* Project object */;
}
